
Microsoft Visual Studio Solution File, Format Version 12.00
# Visual Studio Version 17
VisualStudioVersion = 17.2.32616.157
MinimumVisualStudioVersion = 10.0.40219.1
Project("{9A19103F-16F7-4668-BE54-9A1E7A4F7556}") = "EVCP.Api", "EVCP.Api\EVCP.Api.csproj", "{DC5C4502-0D06-4B9A-B06F-0B1FDF4D08C1}"
EndProject
Project("{9A19103F-16F7-4668-BE54-9A1E7A4F7556}") = "EVCP.DataAccess", "EVCP.DataAccess\EVCP.DataAccess.csproj", "{1293B397-DBC0-4F81-A7A4-4CDA1137F71D}"
EndProject
Project("{9A19103F-16F7-4668-BE54-9A1E7A4F7556}") = "EVCP.Domain", "EVCP.Domain\EVCP.Domain.csproj", "{B18DC51D-72EE-424C-8890-466EEB462EA2}"
EndProject
Project("{9A19103F-16F7-4668-BE54-9A1E7A4F7556}") = "EVCP.Dtos", "EVCP.Dtos\EVCP.Dtos.csproj", "{237DED1F-5BB0-401C-AF3F-15AA36AE3B24}"
EndProject
Project("{2150E333-8FDC-42A3-9474-1A3956D46DE8}") = "Test Projects", "Test Projects", "{69615FBD-42F1-41A2-A968-A5DD856F9298}"
EndProject
Project("{9A19103F-16F7-4668-BE54-9A1E7A4F7556}") = "EVCP.Api.E2ETests", "EVCP.Api.E2ETests\EVCP.Api.E2ETests.csproj", "{2EDE3AC5-4433-4919-8779-0673694D3AE8}"
EndProject
Project("{2150E333-8FDC-42A3-9474-1A3956D46DE8}") = "External Sources", "External Sources", "{342E6874-3D05-4D64-A38D-11E2F7CC480D}"
EndProject
Project("{9A19103F-16F7-4668-BE54-9A1E7A4F7556}") = "EVCP.RouteFinding", "EVCP.RouteFinding\EVCP.RouteFinding.csproj", "{FA4634F4-81BA-4380-B1BD-DB2EE2AAC7E6}"
Project("{9A19103F-16F7-4668-BE54-9A1E7A4F7556}") = "OpenWeather", "OpenWeather\OpenWeather.csproj", "{9D8AB963-BF7B-4028-8F6E-4154EFEEF772}"
EndProject
Project("{9A19103F-16F7-4668-BE54-9A1E7A4F7556}") = "EVCP.DataPublisher", "EVCP.DataExtractor\EVCP.DataPublisher.csproj", "{9F65E46B-6EBE-4A37-80E2-12C5E2F93154}"
	ProjectSection(ProjectDependencies) = postProject
		{B18DC51D-72EE-424C-8890-466EEB462EA2} = {B18DC51D-72EE-424C-8890-466EEB462EA2}
	EndProjectSection
EndProject
Project("{9A19103F-16F7-4668-BE54-9A1E7A4F7556}") = "EVCP.Simulation", "EVCP.Simulation\EVCP.Simulation.csproj", "{38EC2CAE-45E0-4C2D-8995-CA8497400576}"
Project("{9A19103F-16F7-4668-BE54-9A1E7A4F7556}") = "EVCP.MachineLearningModelClient", "EVCP.MachineLearningModelClient\EVCP.MachineLearningModelClient.csproj", "{635E6DBD-81B2-4EF5-9075-5F85611B30A0}"
EndProject
Project("{9A19103F-16F7-4668-BE54-9A1E7A4F7556}") = "EVCP.Playground", "EVCP.Playground\EVCP.Playground.csproj", "{5797B3AB-7AF0-44E1-9CA2-C0732C398F67}"
Project("{9A19103F-16F7-4668-BE54-9A1E7A4F7556}") = "EVCP.MapLoader", "EVCP.MapLoader\EVCP.MapLoader.csproj", "{904D64F9-D7C4-4E29-8B12-B3CDAA141092}"
EndProject
Project("{FAE04EC0-301F-11D3-BF4B-00C04F79EFBC}") = "EVCP.Controllers", "EVCP.Controllers\EVCP.Controllers.csproj", "{353D3384-2D6D-482D-A743-BF1111B79915}"
EndProject
Global
	GlobalSection(SolutionConfigurationPlatforms) = preSolution
		Debug|Any CPU = Debug|Any CPU
		Release|Any CPU = Release|Any CPU
	EndGlobalSection
	GlobalSection(ProjectConfigurationPlatforms) = postSolution
		{DC5C4502-0D06-4B9A-B06F-0B1FDF4D08C1}.Debug|Any CPU.ActiveCfg = Debug|Any CPU
		{DC5C4502-0D06-4B9A-B06F-0B1FDF4D08C1}.Debug|Any CPU.Build.0 = Debug|Any CPU
		{DC5C4502-0D06-4B9A-B06F-0B1FDF4D08C1}.Release|Any CPU.ActiveCfg = Release|Any CPU
		{DC5C4502-0D06-4B9A-B06F-0B1FDF4D08C1}.Release|Any CPU.Build.0 = Release|Any CPU
		{1293B397-DBC0-4F81-A7A4-4CDA1137F71D}.Debug|Any CPU.ActiveCfg = Debug|Any CPU
		{1293B397-DBC0-4F81-A7A4-4CDA1137F71D}.Debug|Any CPU.Build.0 = Debug|Any CPU
		{1293B397-DBC0-4F81-A7A4-4CDA1137F71D}.Release|Any CPU.ActiveCfg = Release|Any CPU
		{1293B397-DBC0-4F81-A7A4-4CDA1137F71D}.Release|Any CPU.Build.0 = Release|Any CPU
		{B18DC51D-72EE-424C-8890-466EEB462EA2}.Debug|Any CPU.ActiveCfg = Debug|Any CPU
		{B18DC51D-72EE-424C-8890-466EEB462EA2}.Debug|Any CPU.Build.0 = Debug|Any CPU
		{B18DC51D-72EE-424C-8890-466EEB462EA2}.Release|Any CPU.ActiveCfg = Release|Any CPU
		{B18DC51D-72EE-424C-8890-466EEB462EA2}.Release|Any CPU.Build.0 = Release|Any CPU
		{237DED1F-5BB0-401C-AF3F-15AA36AE3B24}.Debug|Any CPU.ActiveCfg = Debug|Any CPU
		{237DED1F-5BB0-401C-AF3F-15AA36AE3B24}.Debug|Any CPU.Build.0 = Debug|Any CPU
		{237DED1F-5BB0-401C-AF3F-15AA36AE3B24}.Release|Any CPU.ActiveCfg = Release|Any CPU
		{237DED1F-5BB0-401C-AF3F-15AA36AE3B24}.Release|Any CPU.Build.0 = Release|Any CPU
		{2EDE3AC5-4433-4919-8779-0673694D3AE8}.Debug|Any CPU.ActiveCfg = Debug|Any CPU
		{2EDE3AC5-4433-4919-8779-0673694D3AE8}.Debug|Any CPU.Build.0 = Debug|Any CPU
		{2EDE3AC5-4433-4919-8779-0673694D3AE8}.Release|Any CPU.ActiveCfg = Release|Any CPU
		{2EDE3AC5-4433-4919-8779-0673694D3AE8}.Release|Any CPU.Build.0 = Release|Any CPU
		{38EC2CAE-45E0-4C2D-8995-CA8497400576}.Debug|Any CPU.ActiveCfg = Debug|Any CPU
		{38EC2CAE-45E0-4C2D-8995-CA8497400576}.Debug|Any CPU.Build.0 = Debug|Any CPU
		{38EC2CAE-45E0-4C2D-8995-CA8497400576}.Release|Any CPU.ActiveCfg = Release|Any CPU
		{38EC2CAE-45E0-4C2D-8995-CA8497400576}.Release|Any CPU.Build.0 = Release|Any CPU
		{904D64F9-D7C4-4E29-8B12-B3CDAA141092}.Debug|Any CPU.ActiveCfg = Debug|Any CPU
		{904D64F9-D7C4-4E29-8B12-B3CDAA141092}.Debug|Any CPU.Build.0 = Debug|Any CPU
		{904D64F9-D7C4-4E29-8B12-B3CDAA141092}.Release|Any CPU.ActiveCfg = Release|Any CPU
		{904D64F9-D7C4-4E29-8B12-B3CDAA141092}.Release|Any CPU.Build.0 = Release|Any CPU
		{FA4634F4-81BA-4380-B1BD-DB2EE2AAC7E6}.Debug|Any CPU.ActiveCfg = Debug|Any CPU
		{FA4634F4-81BA-4380-B1BD-DB2EE2AAC7E6}.Debug|Any CPU.Build.0 = Debug|Any CPU
		{FA4634F4-81BA-4380-B1BD-DB2EE2AAC7E6}.Release|Any CPU.ActiveCfg = Release|Any CPU
		{FA4634F4-81BA-4380-B1BD-DB2EE2AAC7E6}.Release|Any CPU.Build.0 = Release|Any CPU
	EndGlobalSection
	GlobalSection(SolutionProperties) = preSolution
		HideSolutionNode = FALSE
	EndGlobalSection
	GlobalSection(NestedProjects) = preSolution
		{2EDE3AC5-4433-4919-8779-0673694D3AE8} = {69615FBD-42F1-41A2-A968-A5DD856F9298}
		{9D8AB963-BF7B-4028-8F6E-4154EFEEF772} = {342E6874-3D05-4D64-A38D-11E2F7CC480D}
	EndGlobalSection
	GlobalSection(ExtensibilityGlobals) = postSolution
		SolutionGuid = {0BA3E969-E64C-45B8-A8C8-13989E63E5F6}
	EndGlobalSection
EndGlobal
